
Microsoft Visual Studio Solution File, Format Version 12.00
# Visual Studio Version 16
VisualStudioVersion = 16.0.29728.190
MinimumVisualStudioVersion = 10.0.40219.1
Project("{FAE04EC0-301F-11D3-BF4B-00C04F79EFBC}") = "TicTacToes", "TicTacToes\TicTacToes.csproj", "{0D2BE215-1C7B-4490-B04B-ED53594EEA9F}"
EndProject
Global
	GlobalSection(SolutionConfigurationPlatforms) = preSolution
		Debug|Any CPU = Debug|Any CPU
		Release|Any CPU = Release|Any CPU
	EndGlobalSection
	GlobalSection(ProjectConfigurationPlatforms) = postSolution
		{0D2BE215-1C7B-4490-B04B-ED53594EEA9F}.Debug|Any CPU.ActiveCfg = Debug|Any CPU
		{0D2BE215-1C7B-4490-B04B-ED53594EEA9F}.Debug|Any CPU.Build.0 = Debug|Any CPU
		{0D2BE215-1C7B-4490-B04B-ED53594EEA9F}.Release|Any CPU.ActiveCfg = Release|Any CPU
		{0D2BE215-1C7B-4490-B04B-ED53594EEA9F}.Release|Any CPU.Build.0 = Release|Any CPU
	EndGlobalSection
	GlobalSection(SolutionProperties) = preSolution
		HideSolutionNode = FALSE
	EndGlobalSection
	GlobalSection(ExtensibilityGlobals) = postSolution
		SolutionGuid = {E265B94F-9D69-497D-8998-1E937E6ED7C4}
	EndGlobalSection
EndGlobal
